
Microsoft Visual Studio Solution File, Format Version 12.00
# Visual Studio Version 17
VisualStudioVersion = 17.0.32112.339
MinimumVisualStudioVersion = 10.0.40219.1
Project("{FAE04EC0-301F-11D3-BF4B-00C04F79EFBC}") = "TeamCalendarEventBot", "TeamCalendarEventBot\TeamCalendarEventBot.csproj", "{C6E5A07F-4B72-446B-9D63-84FD0BFFFE36}"
EndProject
Global
	GlobalSection(SolutionConfigurationPlatforms) = preSolution
		Debug|Any CPU = Debug|Any CPU
		Release|Any CPU = Release|Any CPU
	EndGlobalSection
	GlobalSection(ProjectConfigurationPlatforms) = postSolution
		{C6E5A07F-4B72-446B-9D63-84FD0BFFFE36}.Debug|Any CPU.ActiveCfg = Debug|Any CPU
		{C6E5A07F-4B72-446B-9D63-84FD0BFFFE36}.Debug|Any CPU.Build.0 = Debug|Any CPU
		{C6E5A07F-4B72-446B-9D63-84FD0BFFFE36}.Release|Any CPU.ActiveCfg = Release|Any CPU
		{C6E5A07F-4B72-446B-9D63-84FD0BFFFE36}.Release|Any CPU.Build.0 = Release|Any CPU
	EndGlobalSection
	GlobalSection(SolutionProperties) = preSolution
		HideSolutionNode = FALSE
	EndGlobalSection
	GlobalSection(ExtensibilityGlobals) = postSolution
		SolutionGuid = {AEA4AC3F-50F8-4C4C-A353-770BC7655AE4}
	EndGlobalSection
EndGlobal
